// !$*UTF8*$!
{
	archiveVersion = 1;
	classes = {
	};
	objectVersion = 77;
	objects = {

/* Begin PBXBuildFile section */
		D4BFCCD72E94613C0079E0F3 /* StatKit in Frameworks */ = {isa = PBXBuildFile; productRef = D4BFCCD62E94613C0079E0F3 /* StatKit */; };
		D4BFCCDA2E94618E0079E0F3 /* CodableCSV in Frameworks */ = {isa = PBXBuildFile; productRef = D4BFCCD92E94618E0079E0F3 /* CodableCSV */; };
/* End PBXBuildFile section */

/* Begin PBXContainerItemProxy section */
		D4BFCCB92E9460DC0079E0F3 /* PBXContainerItemProxy */ = {
			isa = PBXContainerItemProxy;
			containerPortal = D4BFCCA32E9460DB0079E0F3 /* Project object */;
			proxyType = 1;
			remoteGlobalIDString = D4BFCCAA2E9460DB0079E0F3;
			remoteInfo = SwiftStats;
		};
		D4BFCCC32E9460DC0079E0F3 /* PBXContainerItemProxy */ = {
			isa = PBXContainerItemProxy;
			containerPortal = D4BFCCA32E9460DB0079E0F3 /* Project object */;
			proxyType = 1;
			remoteGlobalIDString = D4BFCCAA2E9460DB0079E0F3;
			remoteInfo = SwiftStats;
		};
/* End PBXContainerItemProxy section */

/* Begin PBXFileReference section */
		D4BFCCAB2E9460DB0079E0F3 /* SwiftStats.app */ = {isa = PBXFileReference; explicitFileType = wrapper.application; includeInIndex = 0; path = SwiftStats.app; sourceTree = BUILT_PRODUCTS_DIR; };
		D4BFCCB82E9460DC0079E0F3 /* SwiftStatsTests.xctest */ = {isa = PBXFileReference; explicitFileType = wrapper.cfbundle; includeInIndex = 0; path = SwiftStatsTests.xctest; sourceTree = BUILT_PRODUCTS_DIR; };
		D4BFCCC22E9460DC0079E0F3 /* SwiftStatsUITests.xctest */ = {isa = PBXFileReference; explicitFileType = wrapper.cfbundle; includeInIndex = 0; path = SwiftStatsUITests.xctest; sourceTree = BUILT_PRODUCTS_DIR; };
		D4BFCD3F2E95529E0079E0F3 /* Readme.md */ = {isa = PBXFileReference; lastKnownFileType = sourcecode.swift; path = Readme.md; sourceTree = "<group>"; };
/* End PBXFileReference section */

/* Begin PBXFileSystemSynchronizedRootGroup section */
		D4BFCCAD2E9460DB0079E0F3 /* SwiftStats */ = {
			isa = PBXFileSystemSynchronizedRootGroup;
			path = SwiftStats;
			sourceTree = "<group>";
		};
		D4BFCCBB2E9460DC0079E0F3 /* SwiftStatsTests */ = {
			isa = PBXFileSystemSynchronizedRootGroup;
			path = SwiftStatsTests;
			sourceTree = "<group>";
		};
		D4BFCCC52E9460DC0079E0F3 /* SwiftStatsUITests */ = {
			isa = PBXFileSystemSynchronizedRootGroup;
			path = SwiftStatsUITests;
			sourceTree = "<group>";
		};
/* End PBXFileSystemSynchronizedRootGroup section */

/* Begin PBXFrameworksBuildPhase section */
		D4BFCCA82E9460DB0079E0F3 /* Frameworks */ = {
			isa = PBXFrameworksBuildPhase;
			buildActionMask = 2147483647;
			files = (
				D4BFCCDA2E94618E0079E0F3 /* CodableCSV in Frameworks */,
				D4BFCCD72E94613C0079E0F3 /* StatKit in Frameworks */,
			);
			runOnlyForDeploymentPostprocessing = 0;
		};
		D4BFCCB52E9460DC0079E0F3 /* Frameworks */ = {
			isa = PBXFrameworksBuildPhase;
			buildActionMask = 2147483647;
			files = (
			);
			runOnlyForDeploymentPostprocessing = 0;
		};
		D4BFCCBF2E9460DC0079E0F3 /* Frameworks */ = {
			isa = PBXFrameworksBuildPhase;
			buildActionMask = 2147483647;
			files = (
			);
			runOnlyForDeploymentPostprocessing = 0;
		};
/* End PBXFrameworksBuildPhase section */

/* Begin PBXGroup section */
		D4BFCCA22E9460DB0079E0F3 = {
			isa = PBXGroup;
			children = (
				D4BFCD3F2E95529E0079E0F3 /* Readme.md */,
				D4BFCCAD2E9460DB0079E0F3 /* SwiftStats */,
				D4BFCCBB2E9460DC0079E0F3 /* SwiftStatsTests */,
				D4BFCCC52E9460DC0079E0F3 /* SwiftStatsUITests */,
				D4BFCCAC2E9460DB0079E0F3 /* Products */,
			);
			sourceTree = "<group>";
		};
		D4BFCCAC2E9460DB0079E0F3 /* Products */ = {
			isa = PBXGroup;
			children = (
				D4BFCCAB2E9460DB0079E0F3 /* SwiftStats.app */,
				D4BFCCB82E9460DC0079E0F3 /* SwiftStatsTests.xctest */,
				D4BFCCC22E9460DC0079E0F3 /* SwiftStatsUITests.xctest */,
			);
			name = Products;
			sourceTree = "<group>";
		};
/* End PBXGroup section */

/* Begin PBXNativeTarget section */
		D4BFCCAA2E9460DB0079E0F3 /* SwiftStats */ = {
			isa = PBXNativeTarget;
			buildConfigurationList = D4BFCCCC2E9460DC0079E0F3 /* Build configuration list for PBXNativeTarget "SwiftStats" */;
			buildPhases = (
				D4BFCCA72E9460DB0079E0F3 /* Sources */,
				D4BFCCA82E9460DB0079E0F3 /* Frameworks */,
				D4BFCCA92E9460DB0079E0F3 /* Resources */,
			);
			buildRules = (
			);
			dependencies = (
			);
			fileSystemSynchronizedGroups = (
				D4BFCCAD2E9460DB0079E0F3 /* SwiftStats */,
			);
			name = SwiftStats;
			packageProductDependencies = (
				D4BFCCD62E94613C0079E0F3 /* StatKit */,
				D4BFCCD92E94618E0079E0F3 /* CodableCSV */,
			);
			productName = SwiftStats;
			productReference = D4BFCCAB2E9460DB0079E0F3 /* SwiftStats.app */;
			productType = "com.apple.product-type.application";
		};
		D4BFCCB72E9460DC0079E0F3 /* SwiftStatsTests */ = {
			isa = PBXNativeTarget;
			buildConfigurationList = D4BFCCCF2E9460DC0079E0F3 /* Build configuration list for PBXNativeTarget "SwiftStatsTests" */;
			buildPhases = (
				D4BFCCB42E9460DC0079E0F3 /* Sources */,
				D4BFCCB52E9460DC0079E0F3 /* Frameworks */,
				D4BFCCB62E9460DC0079E0F3 /* Resources */,
			);
			buildRules = (
			);
			dependencies = (
				D4BFCCBA2E9460DC0079E0F3 /* PBXTargetDependency */,
			);
			fileSystemSynchronizedGroups = (
				D4BFCCBB2E9460DC0079E0F3 /* SwiftStatsTests */,
			);
			name = SwiftStatsTests;
			packageProductDependencies = (
			);
			productName = SwiftStatsTests;
			productReference = D4BFCCB82E9460DC0079E0F3 /* SwiftStatsTests.xctest */;
			productType = "com.apple.product-type.bundle.unit-test";
		};
		D4BFCCC12E9460DC0079E0F3 /* SwiftStatsUITests */ = {
			isa = PBXNativeTarget;
			buildConfigurationList = D4BFCCD22E9460DC0079E0F3 /* Build configuration list for PBXNativeTarget "SwiftStatsUITests" */;
			buildPhases = (
				D4BFCCBE2E9460DC0079E0F3 /* Sources */,
				D4BFCCBF2E9460DC0079E0F3 /* Frameworks */,
				D4BFCCC02E9460DC0079E0F3 /* Resources */,
			);
			buildRules = (
			);
			dependencies = (
				D4BFCCC42E9460DC0079E0F3 /* PBXTargetDependency */,
			);
			fileSystemSynchronizedGroups = (
				D4BFCCC52E9460DC0079E0F3 /* SwiftStatsUITests */,
			);
			name = SwiftStatsUITests;
			packageProductDependencies = (
			);
			productName = SwiftStatsUITests;
			productReference = D4BFCCC22E9460DC0079E0F3 /* SwiftStatsUITests.xctest */;
			productType = "com.apple.product-type.bundle.ui-testing";
		};
/* End PBXNativeTarget section */

/* Begin PBXProject section */
		D4BFCCA32E9460DB0079E0F3 /* Project object */ = {
			isa = PBXProject;
			attributes = {
				BuildIndependentTargetsInParallel = 1;
				LastSwiftUpdateCheck = 2610;
				LastUpgradeCheck = 2610;
				TargetAttributes = {
					D4BFCCAA2E9460DB0079E0F3 = {
						CreatedOnToolsVersion = 26.1;
					};
					D4BFCCB72E9460DC0079E0F3 = {
						CreatedOnToolsVersion = 26.1;
						TestTargetID = D4BFCCAA2E9460DB0079E0F3;
					};
					D4BFCCC12E9460DC0079E0F3 = {
						CreatedOnToolsVersion = 26.1;
						TestTargetID = D4BFCCAA2E9460DB0079E0F3;
					};
				};
			};
			buildConfigurationList = D4BFCCA62E9460DB0079E0F3 /* Build configuration list for PBXProject "SwiftStats" */;
			developmentRegion = en;
			hasScannedForEncodings = 0;
			knownRegions = (
				en,
				Base,
			);
			mainGroup = D4BFCCA22E9460DB0079E0F3;
			minimizedProjectReferenceProxies = 1;
			packageReferences = (
				D4BFCCD52E94613C0079E0F3 /* XCRemoteSwiftPackageReference "StatKit" */,
				D4BFCCD82E94618E0079E0F3 /* XCRemoteSwiftPackageReference "CodableCSV" */,
			);
			preferredProjectObjectVersion = 77;
			productRefGroup = D4BFCCAC2E9460DB0079E0F3 /* Products */;
			projectDirPath = "";
			projectRoot = "";
			targets = (
				D4BFCCAA2E9460DB0079E0F3 /* SwiftStats */,
				D4BFCCB72E9460DC0079E0F3 /* SwiftStatsTests */,
				D4BFCCC12E9460DC0079E0F3 /* SwiftStatsUITests */,
			);
		};
/* End PBXProject section */

/* Begin PBXResourcesBuildPhase section */
		D4BFCCA92E9460DB0079E0F3 /* Resources */ = {
			isa = PBXResourcesBuildPhase;
			buildActionMask = 2147483647;
			files = (
			);
			runOnlyForDeploymentPostprocessing = 0;
		};
		D4BFCCB62E9460DC0079E0F3 /* Resources */ = {
			isa = PBXResourcesBuildPhase;
			buildActionMask = 2147483647;
			files = (
			);
			runOnlyForDeploymentPostprocessing = 0;
		};
		D4BFCCC02E9460DC0079E0F3 /* Resources */ = {
			isa = PBXResourcesBuildPhase;
			buildActionMask = 2147483647;
			files = (
			);
			runOnlyForDeploymentPostprocessing = 0;
		};
/* End PBXResourcesBuildPhase section */

/* Begin PBXSourcesBuildPhase section */
		D4BFCCA72E9460DB0079E0F3 /* Sources */ = {
			isa = PBXSourcesBuildPhase;
			buildActionMask = 2147483647;
			files = (
			);
			runOnlyForDeploymentPostprocessing = 0;
		};
		D4BFCCB42E9460DC0079E0F3 /* Sources */ = {
			isa = PBXSourcesBuildPhase;
			buildActionMask = 2147483647;
			files = (
			);
			runOnlyForDeploymentPostprocessing = 0;
		};
		D4BFCCBE2E9460DC0079E0F3 /* Sources */ = {
			isa = PBXSourcesBuildPhase;
			buildActionMask = 2147483647;
			files = (
			);
			runOnlyForDeploymentPostprocessing = 0;
		};
/* End PBXSourcesBuildPhase section */

/* Begin PBXTargetDependency section */
		D4BFCCBA2E9460DC0079E0F3 /* PBXTargetDependency */ = {
			isa = PBXTargetDependency;
			target = D4BFCCAA2E9460DB0079E0F3 /* SwiftStats */;
			targetProxy = D4BFCCB92E9460DC0079E0F3 /* PBXContainerItemProxy */;
		};
		D4BFCCC42E9460DC0079E0F3 /* PBXTargetDependency */ = {
			isa = PBXTargetDependency;
			target = D4BFCCAA2E9460DB0079E0F3 /* SwiftStats */;
			targetProxy = D4BFCCC32E9460DC0079E0F3 /* PBXContainerItemProxy */;
		};
/* End PBXTargetDependency section */

/* Begin XCBuildConfiguration section */
		D4BFCCCA2E9460DC0079E0F3 /* Debug */ = {
			isa = XCBuildConfiguration;
			buildSettings = {
				ALWAYS_SEARCH_USER_PATHS = NO;
				ASSETCATALOG_COMPILER_GENERATE_SWIFT_ASSET_SYMBOL_EXTENSIONS = YES;
				CLANG_ANALYZER_NONNULL = YES;
				CLANG_ANALYZER_NUMBER_OBJECT_CONVERSION = YES_AGGRESSIVE;
				CLANG_CXX_LANGUAGE_STANDARD = "gnu++20";
				CLANG_ENABLE_MODULES = YES;
				CLANG_ENABLE_OBJC_ARC = YES;
				CLANG_ENABLE_OBJC_WEAK = YES;
				CLANG_WARN_BLOCK_CAPTURE_AUTORELEASING = YES;
				CLANG_WARN_BOOL_CONVERSION = YES;
				CLANG_WARN_COMMA = YES;
				CLANG_WARN_CONSTANT_CONVERSION = YES;
				CLANG_WARN_DEPRECATED_OBJC_IMPLEMENTATIONS = YES;
				CLANG_WARN_DIRECT_OBJC_ISA_USAGE = YES_ERROR;
				CLANG_WARN_DOCUMENTATION_COMMENTS = YES;
				CLANG_WARN_EMPTY_BODY = YES;
				CLANG_WARN_ENUM_CONVERSION = YES;
				CLANG_WARN_INFINITE_RECURSION = YES;
				CLANG_WARN_INT_CONVERSION = YES;
				CLANG_WARN_NON_LITERAL_NULL_CONVERSION = YES;
				CLANG_WARN_OBJC_IMPLICIT_RETAIN_SELF = YES;
				CLANG_WARN_OBJC_LITERAL_CONVERSION = YES;
				CLANG_WARN_OBJC_ROOT_CLASS = YES_ERROR;
				CLANG_WARN_QUOTED_INCLUDE_IN_FRAMEWORK_HEADER = YES;
				CLANG_WARN_RANGE_LOOP_ANALYSIS = YES;
				CLANG_WARN_STRICT_PROTOTYPES = YES;
				CLANG_WARN_SUSPICIOUS_MOVE = YES;
				CLANG_WARN_UNGUARDED_AVAILABILITY = YES_AGGRESSIVE;
				CLANG_WARN_UNREACHABLE_CODE = YES;
				CLANG_WARN__DUPLICATE_METHOD_MATCH = YES;
				COPY_PHASE_STRIP = NO;
				DEBUG_INFORMATION_FORMAT = dwarf;
				DEVELOPMENT_TEAM = 3SPAAQ6SK2;
				ENABLE_STRICT_OBJC_MSGSEND = YES;
				ENABLE_TESTABILITY = YES;
				ENABLE_USER_SCRIPT_SANDBOXING = YES;
				GCC_C_LANGUAGE_STANDARD = gnu17;
				GCC_DYNAMIC_NO_PIC = NO;
				GCC_NO_COMMON_BLOCKS = YES;
				GCC_OPTIMIZATION_LEVEL = 0;
				GCC_PREPROCESSOR_DEFINITIONS = (
					"ACCELERATE_NEW_LAPACK=1",
					"ACCELERATE_LAPACK_ILP64=1",
				);
				"GCC_PREPROCESSOR_DEFINITIONS_NOT_USED_IN_PRECOMPS[arch=*]" = (
					"DEBUG=1",
					"$(inherited)",
				);
				GCC_WARN_64_TO_32_BIT_CONVERSION = YES;
				GCC_WARN_ABOUT_RETURN_TYPE = YES_ERROR;
				GCC_WARN_UNDECLARED_SELECTOR = YES;
				GCC_WARN_UNINITIALIZED_AUTOS = YES_AGGRESSIVE;
				GCC_WARN_UNUSED_FUNCTION = YES;
				GCC_WARN_UNUSED_VARIABLE = YES;
				LOCALIZATION_PREFERS_STRING_CATALOGS = YES;
				MACOSX_DEPLOYMENT_TARGET = 26.1;
				MTL_ENABLE_DEBUG_INFO = INCLUDE_SOURCE;
				MTL_FAST_MATH = YES;
				ONLY_ACTIVE_ARCH = YES;
				SDKROOT = macosx;
				SWIFT_ACTIVE_COMPILATION_CONDITIONS = "DEBUG $(inherited)";
				SWIFT_OPTIMIZATION_LEVEL = "-Onone";
				SWIFT_VERSION = 6.0;
			};
			name = Debug;
		};
		D4BFCCCB2E9460DC0079E0F3 /* Release */ = {
			isa = XCBuildConfiguration;
			buildSettings = {
				ALWAYS_SEARCH_USER_PATHS = NO;
				ASSETCATALOG_COMPILER_GENERATE_SWIFT_ASSET_SYMBOL_EXTENSIONS = YES;
				CLANG_ANALYZER_NONNULL = YES;
				CLANG_ANALYZER_NUMBER_OBJECT_CONVERSION = YES_AGGRESSIVE;
				CLANG_CXX_LANGUAGE_STANDARD = "gnu++20";
				CLANG_ENABLE_MODULES = YES;
				CLANG_ENABLE_OBJC_ARC = YES;
				CLANG_ENABLE_OBJC_WEAK = YES;
				CLANG_WARN_BLOCK_CAPTURE_AUTORELEASING = YES;
				CLANG_WARN_BOOL_CONVERSION = YES;
				CLANG_WARN_COMMA = YES;
				CLANG_WARN_CONSTANT_CONVERSION = YES;
				CLANG_WARN_DEPRECATED_OBJC_IMPLEMENTATIONS = YES;
				CLANG_WARN_DIRECT_OBJC_ISA_USAGE = YES_ERROR;
				CLANG_WARN_DOCUMENTATION_COMMENTS = YES;
				CLANG_WARN_EMPTY_BODY = YES;
				CLANG_WARN_ENUM_CONVERSION = YES;
				CLANG_WARN_INFINITE_RECURSION = YES;
				CLANG_WARN_INT_CONVERSION = YES;
				CLANG_WARN_NON_LITERAL_NULL_CONVERSION = YES;
				CLANG_WARN_OBJC_IMPLICIT_RETAIN_SELF = YES;
				CLANG_WARN_OBJC_LITERAL_CONVERSION = YES;
				CLANG_WARN_OBJC_ROOT_CLASS = YES_ERROR;
				CLANG_WARN_QUOTED_INCLUDE_IN_FRAMEWORK_HEADER = YES;
				CLANG_WARN_RANGE_LOOP_ANALYSIS = YES;
				CLANG_WARN_STRICT_PROTOTYPES = YES;
				CLANG_WARN_SUSPICIOUS_MOVE = YES;
				CLANG_WARN_UNGUARDED_AVAILABILITY = YES_AGGRESSIVE;
				CLANG_WARN_UNREACHABLE_CODE = YES;
				CLANG_WARN__DUPLICATE_METHOD_MATCH = YES;
				COPY_PHASE_STRIP = NO;
				DEBUG_INFORMATION_FORMAT = "dwarf-with-dsym";
				DEVELOPMENT_TEAM = 3SPAAQ6SK2;
				ENABLE_NS_ASSERTIONS = NO;
				ENABLE_STRICT_OBJC_MSGSEND = YES;
				ENABLE_USER_SCRIPT_SANDBOXING = YES;
				GCC_C_LANGUAGE_STANDARD = gnu17;
				GCC_NO_COMMON_BLOCKS = YES;
				GCC_PREPROCESSOR_DEFINITIONS = (
					"ACCELERATE_NEW_LAPACK=1",
					"ACCELERATE_LAPACK_ILP64=1",
				);
				GCC_WARN_64_TO_32_BIT_CONVERSION = YES;
				GCC_WARN_ABOUT_RETURN_TYPE = YES_ERROR;
				GCC_WARN_UNDECLARED_SELECTOR = YES;
				GCC_WARN_UNINITIALIZED_AUTOS = YES_AGGRESSIVE;
				GCC_WARN_UNUSED_FUNCTION = YES;
				GCC_WARN_UNUSED_VARIABLE = YES;
				LOCALIZATION_PREFERS_STRING_CATALOGS = YES;
				MACOSX_DEPLOYMENT_TARGET = 26.1;
				MTL_ENABLE_DEBUG_INFO = NO;
				MTL_FAST_MATH = YES;
				SDKROOT = macosx;
				SWIFT_COMPILATION_MODE = wholemodule;
				SWIFT_VERSION = 6.0;
			};
			name = Release;
		};
		D4BFCCCD2E9460DC0079E0F3 /* Debug */ = {
			isa = XCBuildConfiguration;
			buildSettings = {
				ASSETCATALOG_COMPILER_APPICON_NAME = AppIcon;
				ASSETCATALOG_COMPILER_GLOBAL_ACCENT_COLOR_NAME = AccentColor;
				CODE_SIGN_STYLE = Automatic;
				COMBINE_HIDPI_IMAGES = YES;
				CURRENT_PROJECT_VERSION = 1;
				DEVELOPMENT_TEAM = 3SPAAQ6SK2;
				ENABLE_APP_SANDBOX = YES;
				ENABLE_HARDENED_RUNTIME = YES;
				ENABLE_PREVIEWS = YES;
				ENABLE_USER_SELECTED_FILES = readonly;
				GCC_PREPROCESSOR_DEFINITIONS = (
					"ACCELERATE_NEW_LAPACK=1",
					"ACCELERATE_LAPACK_ILP64=1",
				);
				GENERATE_INFOPLIST_FILE = YES;
				INFOPLIST_KEY_NSHumanReadableCopyright = "";
				LD_RUNPATH_SEARCH_PATHS = (
					"$(inherited)",
					"@executable_path/../Frameworks",
				);
				MARKETING_VERSION = 1.0;
				PRODUCT_BUNDLE_IDENTIFIER = com.goedman.SwiftStats;
				PRODUCT_NAME = "$(TARGET_NAME)";
				REGISTER_APP_GROUPS = YES;
				STRING_CATALOG_GENERATE_SYMBOLS = YES;
				SUPPORTED_PLATFORMS = "iphoneos iphonesimulator macosx";
				SUPPORTS_MACCATALYST = NO;
				SWIFT_APPROACHABLE_CONCURRENCY = YES;
				SWIFT_DEFAULT_ACTOR_ISOLATION = MainActor;
				SWIFT_EMIT_LOC_STRINGS = YES;
				SWIFT_UPCOMING_FEATURE_MEMBER_IMPORT_VISIBILITY = YES;
				SWIFT_VERSION = 6.0;
				TARGETED_DEVICE_FAMILY = "1,2";
			};
			name = Debug;
		};
		D4BFCCCE2E9460DC0079E0F3 /* Release */ = {
			isa = XCBuildConfiguration;
			buildSettings = {
				ASSETCATALOG_COMPILER_APPICON_NAME = AppIcon;
				ASSETCATALOG_COMPILER_GLOBAL_ACCENT_COLOR_NAME = AccentColor;
				CODE_SIGN_STYLE = Automatic;
				COMBINE_HIDPI_IMAGES = YES;
				CURRENT_PROJECT_VERSION = 1;
				DEVELOPMENT_TEAM = 3SPAAQ6SK2;
				ENABLE_APP_SANDBOX = YES;
				ENABLE_HARDENED_RUNTIME = YES;
				ENABLE_PREVIEWS = YES;
				ENABLE_USER_SELECTED_FILES = readonly;
				GCC_PREPROCESSOR_DEFINITIONS = (
					"ACCELERATE_NEW_LAPACK=1",
					"ACCELERATE_LAPACK_ILP64=1",
				);
				GENERATE_INFOPLIST_FILE = YES;
				INFOPLIST_KEY_NSHumanReadableCopyright = "";
				LD_RUNPATH_SEARCH_PATHS = (
					"$(inherited)",
					"@executable_path/../Frameworks",
				);
				MARKETING_VERSION = 1.0;
				PRODUCT_BUNDLE_IDENTIFIER = com.goedman.SwiftStats;
				PRODUCT_NAME = "$(TARGET_NAME)";
				REGISTER_APP_GROUPS = YES;
				STRING_CATALOG_GENERATE_SYMBOLS = YES;
				SUPPORTED_PLATFORMS = "iphoneos iphonesimulator macosx";
				SUPPORTS_MACCATALYST = NO;
				SWIFT_APPROACHABLE_CONCURRENCY = YES;
				SWIFT_DEFAULT_ACTOR_ISOLATION = MainActor;
				SWIFT_EMIT_LOC_STRINGS = YES;
				SWIFT_UPCOMING_FEATURE_MEMBER_IMPORT_VISIBILITY = YES;
				SWIFT_VERSION = 6.0;
				TARGETED_DEVICE_FAMILY = "1,2";
			};
			name = Release;
		};
		D4BFCCD02E9460DC0079E0F3 /* Debug */ = {
			isa = XCBuildConfiguration;
			buildSettings = {
				BUNDLE_LOADER = "$(TEST_HOST)";
				CODE_SIGN_STYLE = Automatic;
				CURRENT_PROJECT_VERSION = 1;
				DEVELOPMENT_TEAM = 3SPAAQ6SK2;
				GENERATE_INFOPLIST_FILE = YES;
				MACOSX_DEPLOYMENT_TARGET = 26.1;
				MARKETING_VERSION = 1.0;
				PRODUCT_BUNDLE_IDENTIFIER = com.goedman.SwiftStatsTests;
				PRODUCT_NAME = "$(TARGET_NAME)";
				STRING_CATALOG_GENERATE_SYMBOLS = NO;
				SWIFT_APPROACHABLE_CONCURRENCY = YES;
				SWIFT_EMIT_LOC_STRINGS = NO;
				SWIFT_UPCOMING_FEATURE_MEMBER_IMPORT_VISIBILITY = YES;
				SWIFT_VERSION = 5.0;
				TEST_HOST = "$(BUILT_PRODUCTS_DIR)/SwiftStats.app/$(BUNDLE_EXECUTABLE_FOLDER_PATH)/SwiftStats";
			};
			name = Debug;
		};
		D4BFCCD12E9460DC0079E0F3 /* Release */ = {
			isa = XCBuildConfiguration;
			buildSettings = {
				BUNDLE_LOADER = "$(TEST_HOST)";
				CODE_SIGN_STYLE = Automatic;
				CURRENT_PROJECT_VERSION = 1;
				DEVELOPMENT_TEAM = 3SPAAQ6SK2;
				GENERATE_INFOPLIST_FILE = YES;
				MACOSX_DEPLOYMENT_TARGET = 26.1;
				MARKETING_VERSION = 1.0;
				PRODUCT_BUNDLE_IDENTIFIER = com.goedman.SwiftStatsTests;
				PRODUCT_NAME = "$(TARGET_NAME)";
				STRING_CATALOG_GENERATE_SYMBOLS = NO;
				SWIFT_APPROACHABLE_CONCURRENCY = YES;
				SWIFT_EMIT_LOC_STRINGS = NO;
				SWIFT_UPCOMING_FEATURE_MEMBER_IMPORT_VISIBILITY = YES;
				SWIFT_VERSION = 5.0;
				TEST_HOST = "$(BUILT_PRODUCTS_DIR)/SwiftStats.app/$(BUNDLE_EXECUTABLE_FOLDER_PATH)/SwiftStats";
			};
			name = Release;
		};
		D4BFCCD32E9460DC0079E0F3 /* Debug */ = {
			isa = XCBuildConfiguration;
			buildSettings = {
				CODE_SIGN_STYLE = Automatic;
				CURRENT_PROJECT_VERSION = 1;
				DEVELOPMENT_TEAM = 3SPAAQ6SK2;
				GENERATE_INFOPLIST_FILE = YES;
				MARKETING_VERSION = 1.0;
				PRODUCT_BUNDLE_IDENTIFIER = com.goedman.SwiftStatsUITests;
				PRODUCT_NAME = "$(TARGET_NAME)";
				STRING_CATALOG_GENERATE_SYMBOLS = NO;
				SWIFT_APPROACHABLE_CONCURRENCY = YES;
				SWIFT_EMIT_LOC_STRINGS = NO;
				SWIFT_UPCOMING_FEATURE_MEMBER_IMPORT_VISIBILITY = YES;
				SWIFT_VERSION = 5.0;
				TEST_TARGET_NAME = SwiftStats;
			};
			name = Debug;
		};
		D4BFCCD42E9460DC0079E0F3 /* Release */ = {
			isa = XCBuildConfiguration;
			buildSettings = {
				CODE_SIGN_STYLE = Automatic;
				CURRENT_PROJECT_VERSION = 1;
				DEVELOPMENT_TEAM = 3SPAAQ6SK2;
				GENERATE_INFOPLIST_FILE = YES;
				MARKETING_VERSION = 1.0;
				PRODUCT_BUNDLE_IDENTIFIER = com.goedman.SwiftStatsUITests;
				PRODUCT_NAME = "$(TARGET_NAME)";
				STRING_CATALOG_GENERATE_SYMBOLS = NO;
				SWIFT_APPROACHABLE_CONCURRENCY = YES;
				SWIFT_EMIT_LOC_STRINGS = NO;
				SWIFT_UPCOMING_FEATURE_MEMBER_IMPORT_VISIBILITY = YES;
				SWIFT_VERSION = 5.0;
				TEST_TARGET_NAME = SwiftStats;
			};
			name = Release;
		};
/* End XCBuildConfiguration section */

/* Begin XCConfigurationList section */
		D4BFCCA62E9460DB0079E0F3 /* Build configuration list for PBXProject "SwiftStats" */ = {
			isa = XCConfigurationList;
			buildConfigurations = (
				D4BFCCCA2E9460DC0079E0F3 /* Debug */,
				D4BFCCCB2E9460DC0079E0F3 /* Release */,
			);
			defaultConfigurationIsVisible = 0;
			defaultConfigurationName = Release;
		};
		D4BFCCCC2E9460DC0079E0F3 /* Build configuration list for PBXNativeTarget "SwiftStats" */ = {
			isa = XCConfigurationList;
			buildConfigurations = (
				D4BFCCCD2E9460DC0079E0F3 /* Debug */,
				D4BFCCCE2E9460DC0079E0F3 /* Release */,
			);
			defaultConfigurationIsVisible = 0;
			defaultConfigurationName = Release;
		};
		D4BFCCCF2E9460DC0079E0F3 /* Build configuration list for PBXNativeTarget "SwiftStatsTests" */ = {
			isa = XCConfigurationList;
			buildConfigurations = (
				D4BFCCD02E9460DC0079E0F3 /* Debug */,
				D4BFCCD12E9460DC0079E0F3 /* Release */,
			);
			defaultConfigurationIsVisible = 0;
			defaultConfigurationName = Release;
		};
		D4BFCCD22E9460DC0079E0F3 /* Build configuration list for PBXNativeTarget "SwiftStatsUITests" */ = {
			isa = XCConfigurationList;
			buildConfigurations = (
				D4BFCCD32E9460DC0079E0F3 /* Debug */,
				D4BFCCD42E9460DC0079E0F3 /* Release */,
			);
			defaultConfigurationIsVisible = 0;
			defaultConfigurationName = Release;
		};
/* End XCConfigurationList section */

/* Begin XCRemoteSwiftPackageReference section */
		D4BFCCD52E94613C0079E0F3 /* XCRemoteSwiftPackageReference "StatKit" */ = {
			isa = XCRemoteSwiftPackageReference;
			repositoryURL = "https://github.com/JimmyMAndersson/StatKit";
			requirement = {
				kind = upToNextMajorVersion;
				minimumVersion = 0.7.1;
			};
		};
		D4BFCCD82E94618E0079E0F3 /* XCRemoteSwiftPackageReference "CodableCSV" */ = {
			isa = XCRemoteSwiftPackageReference;
			repositoryURL = "https://github.com/dehesa/CodableCSV.git";
			requirement = {
				kind = upToNextMajorVersion;
				minimumVersion = 0.6.7;
			};
		};
/* End XCRemoteSwiftPackageReference section */

/* Begin XCSwiftPackageProductDependency section */
		D4BFCCD62E94613C0079E0F3 /* StatKit */ = {
			isa = XCSwiftPackageProductDependency;
			package = D4BFCCD52E94613C0079E0F3 /* XCRemoteSwiftPackageReference "StatKit" */;
			productName = StatKit;
		};
		D4BFCCD92E94618E0079E0F3 /* CodableCSV */ = {
			isa = XCSwiftPackageProductDependency;
			package = D4BFCCD82E94618E0079E0F3 /* XCRemoteSwiftPackageReference "CodableCSV" */;
			productName = CodableCSV;
		};
/* End XCSwiftPackageProductDependency section */
	};
	rootObject = D4BFCCA32E9460DB0079E0F3 /* Project object */;
}
